# THIS IS AN AUTOGENERATED FILE. DO NOT EDIT THIS FILE DIRECTLY.
# yarn lockfile v1


"@picocss/pico@^1.5.5":
  version "1.5.5"
  resolved "https://registry.yarnpkg.com/@picocss/pico/-/pico-1.5.5.tgz#92d45c2232105a7aa1834d9fb87b3525631b5a2d"
  integrity sha512-AQSMeeZrk+gAF3JLe0jaQRESGWD+kH2bGMPyuoTniOjxt2MlFnLW4q6Eog9QMelKTDGO6WR0tuTSk92SK9+Ctg==
